# THIS IS AN AUTOGENERATED FILE. DO NOT EDIT THIS FILE DIRECTLY.
# yarn lockfile v1


jquery@^3.3.1:
  version "3.3.1"
  resolved "https://registry.yarnpkg.com/jquery/-/jquery-3.3.1.tgz#958ce29e81c9790f31be7792df5d4d95fc57fbca"
  integrity sha512-Ubldcmxp5np52/ENotGxlLe6aGMvmF4R8S6tZjsP6Knsaxd/xp3Zrh50cG93lR6nPXyUFwzN3ZSOQI0wRJNdGg==

systematize@3.2.4:
  version "3.2.4"
  resolved "https://registry.yarnpkg.com/systematize/-/systematize-3.2.4.tgz#3891239afb68a95de2673b8fb2159e70622f3bc8"
  integrity sha512-bb+T5tcd49cIvor+680mmmYf1TjOQ9aDM2YiZP7CD2WZnP8Ba5E4VxmxOkj3Tz98CLcZrUsKG2+fQNoxAl/YNQ==
