# THIS IS AN AUTOGENERATED FILE. DO NOT EDIT THIS FILE DIRECTLY.
# yarn lockfile v1


jquery@^3.3.1:
  version "3.3.1"
  resolved "https://registry.yarnpkg.com/jquery/-/jquery-3.3.1.tgz#958ce29e81c9790f31be7792df5d4d95fc57fbca"

systematize@3.2.3:
  version "3.2.3"
  resolved "https://registry.yarnpkg.com/systematize/-/systematize-3.2.3.tgz#30e2672dae31e56b59e83b7e6ff2ec9ce54fc590"
