# THIS IS AN AUTOGENERATED FILE. DO NOT EDIT THIS FILE DIRECTLY.
# yarn lockfile v1


chi-squared-test@^1.1.0:
  version "1.1.0"
  resolved "https://registry.yarnpkg.com/chi-squared-test/-/chi-squared-test-1.1.0.tgz#7c00240c6071a6178c42551670fedff3e7bbe442"
  integrity sha1-fAAkDGBxpheMQlUWcP7f8+e75EI=
  dependencies:
    chi-squared "^1.1.0"

chi-squared@^1.1.0:
  version "1.1.0"
  resolved "https://registry.yarnpkg.com/chi-squared/-/chi-squared-1.1.0.tgz#892865cffa8e0a720f921bfc9c635c19ac2a346d"
  integrity sha1-iShlz/qOCnIPkhv8nGNcGawqNG0=
  dependencies:
    gamma "^1.0.0"

gamma@^1.0.0:
  version "1.0.0"
  resolved "https://registry.yarnpkg.com/gamma/-/gamma-1.0.0.tgz#983c1c939fe23d932701585711e1d9a430cb74cb"
  integrity sha1-mDwck5/iPZMnAVhXEeHZpDDLdMs=
