# THIS IS AN AUTOGENERATED FILE. DO NOT EDIT THIS FILE DIRECTLY.
# yarn lockfile v1


natlib@^0.0.3:
  version "0.0.3"
  resolved "https://registry.yarnpkg.com/natlib/-/natlib-0.0.3.tgz#bb0ad8ac432e8b49850d746d1e8bac69dceb4793"
  integrity sha512-7dYWYK2/stPk0V7L+8iWUfUBsS3uIncdM/nein0s/NatRZG3b35OJt9SXs5aFpDKSvjmE36+LI3RRouL0T/L4A==
