# THIS IS AN AUTOGENERATED FILE. DO NOT EDIT THIS FILE DIRECTLY.
# yarn lockfile v1


natlib@^0.0.4:
  version "0.0.4"
  resolved "https://registry.yarnpkg.com/natlib/-/natlib-0.0.4.tgz#ee8c6ea13c4faf914266fa408b026c4e2e2ba74f"
  integrity sha512-rPC7WVdZ79ia5ob5MSClPUehu+GCat+yHZlclMg4UOWeLCcCOUmRVjvdqlpyPYP0jKqLBbKXe6JCs88NsN2qyw==
